// !$*UTF8*$!
{
	archiveVersion = 1;
	classes = {
	};
	objectVersion = 46;
	objects = {

/* Begin PBXBuildFile section */
		01BB40AA1C92D2AF0074F29C /* AppDelegate.swift in Sources */ = {isa = PBXBuildFile; fileRef = 01BB40A91C92D2AF0074F29C /* AppDelegate.swift */; };
		01BB40AC1C92D2AF0074F29C /* TravelLocationsViewController.swift in Sources */ = {isa = PBXBuildFile; fileRef = 01BB40AB1C92D2AF0074F29C /* TravelLocationsViewController.swift */; };
		01BB40AF1C92D2AF0074F29C /* Main.storyboard in Resources */ = {isa = PBXBuildFile; fileRef = 01BB40AD1C92D2AF0074F29C /* Main.storyboard */; };
		01BB40B11C92D2AF0074F29C /* Assets.xcassets in Resources */ = {isa = PBXBuildFile; fileRef = 01BB40B01C92D2AF0074F29C /* Assets.xcassets */; };
		01BB40B41C92D2AF0074F29C /* LaunchScreen.storyboard in Resources */ = {isa = PBXBuildFile; fileRef = 01BB40B21C92D2AF0074F29C /* LaunchScreen.storyboard */; };
		01BB40BF1C92D2B00074F29C /* VirtualTouristTests.swift in Sources */ = {isa = PBXBuildFile; fileRef = 01BB40BE1C92D2B00074F29C /* VirtualTouristTests.swift */; };
		01BB40CA1C92D2B00074F29C /* VirtualTouristUITests.swift in Sources */ = {isa = PBXBuildFile; fileRef = 01BB40C91C92D2B00074F29C /* VirtualTouristUITests.swift */; };
		01BB40DC1C92FD910074F29C /* Pin.swift in Sources */ = {isa = PBXBuildFile; fileRef = 01BB40DB1C92FD910074F29C /* Pin.swift */; };
		01BB40DE1C9301440074F29C /* MapKit.framework in Frameworks */ = {isa = PBXBuildFile; fileRef = 01BB40DD1C9301440074F29C /* MapKit.framework */; };
		01BB40E01C9310580074F29C /* PhotoAlbumViewController.swift in Sources */ = {isa = PBXBuildFile; fileRef = 01BB40DF1C9310580074F29C /* PhotoAlbumViewController.swift */; };
		01BB40E91C932A9D0074F29C /* Photo.swift in Sources */ = {isa = PBXBuildFile; fileRef = 01BB40E81C932A9D0074F29C /* Photo.swift */; };
		01BB40EB1C9580510074F29C /* FlickrClient.swift in Sources */ = {isa = PBXBuildFile; fileRef = 01BB40EA1C9580510074F29C /* FlickrClient.swift */; };
		01E212A11C96C8F30063AD95 /* icon.gif in Resources */ = {isa = PBXBuildFile; fileRef = 01E212A01C96C8F30063AD95 /* icon.gif */; };
		01E212A31C96CAF40063AD95 /* UICustomCollectionViewCell.swift in Sources */ = {isa = PBXBuildFile; fileRef = 01E212A21C96CAF40063AD95 /* UICustomCollectionViewCell.swift */; };
/* End PBXBuildFile section */

/* Begin PBXContainerItemProxy section */
		01BB40BB1C92D2AF0074F29C /* PBXContainerItemProxy */ = {
			isa = PBXContainerItemProxy;
			containerPortal = 01BB409E1C92D2AF0074F29C /* Project object */;
			proxyType = 1;
			remoteGlobalIDString = 01BB40A51C92D2AF0074F29C;
			remoteInfo = VirtualTourist;
		};
		01BB40C61C92D2B00074F29C /* PBXContainerItemProxy */ = {
			isa = PBXContainerItemProxy;
			containerPortal = 01BB409E1C92D2AF0074F29C /* Project object */;
			proxyType = 1;
			remoteGlobalIDString = 01BB40A51C92D2AF0074F29C;
			remoteInfo = VirtualTourist;
		};
/* End PBXContainerItemProxy section */

/* Begin PBXFileReference section */
		01BB40A61C92D2AF0074F29C /* VirtualTourist.app */ = {isa = PBXFileReference; explicitFileType = wrapper.application; includeInIndex = 0; path = VirtualTourist.app; sourceTree = BUILT_PRODUCTS_DIR; };
		01BB40A91C92D2AF0074F29C /* AppDelegate.swift */ = {isa = PBXFileReference; lastKnownFileType = sourcecode.swift; path = AppDelegate.swift; sourceTree = "<group>"; };
		01BB40AB1C92D2AF0074F29C /* TravelLocationsViewController.swift */ = {isa = PBXFileReference; lastKnownFileType = sourcecode.swift; path = TravelLocationsViewController.swift; sourceTree = "<group>"; };
		01BB40AE1C92D2AF0074F29C /* Base */ = {isa = PBXFileReference; lastKnownFileType = file.storyboard; name = Base; path = Base.lproj/Main.storyboard; sourceTree = "<group>"; };
		01BB40B01C92D2AF0074F29C /* Assets.xcassets */ = {isa = PBXFileReference; lastKnownFileType = folder.assetcatalog; path = Assets.xcassets; sourceTree = "<group>"; };
		01BB40B31C92D2AF0074F29C /* Base */ = {isa = PBXFileReference; lastKnownFileType = file.storyboard; name = Base; path = Base.lproj/LaunchScreen.storyboard; sourceTree = "<group>"; };
		01BB40B51C92D2AF0074F29C /* Info.plist */ = {isa = PBXFileReference; lastKnownFileType = text.plist.xml; path = Info.plist; sourceTree = "<group>"; };
		01BB40BA1C92D2AF0074F29C /* VirtualTouristTests.xctest */ = {isa = PBXFileReference; explicitFileType = wrapper.cfbundle; includeInIndex = 0; path = VirtualTouristTests.xctest; sourceTree = BUILT_PRODUCTS_DIR; };
		01BB40BE1C92D2B00074F29C /* VirtualTouristTests.swift */ = {isa = PBXFileReference; lastKnownFileType = sourcecode.swift; path = VirtualTouristTests.swift; sourceTree = "<group>"; };
		01BB40C01C92D2B00074F29C /* Info.plist */ = {isa = PBXFileReference; lastKnownFileType = text.plist.xml; path = Info.plist; sourceTree = "<group>"; };
		01BB40C51C92D2B00074F29C /* VirtualTouristUITests.xctest */ = {isa = PBXFileReference; explicitFileType = wrapper.cfbundle; includeInIndex = 0; path = VirtualTouristUITests.xctest; sourceTree = BUILT_PRODUCTS_DIR; };
		01BB40C91C92D2B00074F29C /* VirtualTouristUITests.swift */ = {isa = PBXFileReference; lastKnownFileType = sourcecode.swift; path = VirtualTouristUITests.swift; sourceTree = "<group>"; };
		01BB40CB1C92D2B00074F29C /* Info.plist */ = {isa = PBXFileReference; lastKnownFileType = text.plist.xml; path = Info.plist; sourceTree = "<group>"; };
		01BB40DB1C92FD910074F29C /* Pin.swift */ = {isa = PBXFileReference; fileEncoding = 4; lastKnownFileType = sourcecode.swift; path = Pin.swift; sourceTree = "<group>"; };
		01BB40DD1C9301440074F29C /* MapKit.framework */ = {isa = PBXFileReference; lastKnownFileType = wrapper.framework; name = MapKit.framework; path = System/Library/Frameworks/MapKit.framework; sourceTree = SDKROOT; };
		01BB40DF1C9310580074F29C /* PhotoAlbumViewController.swift */ = {isa = PBXFileReference; fileEncoding = 4; lastKnownFileType = sourcecode.swift; path = PhotoAlbumViewController.swift; sourceTree = "<group>"; };
		01BB40E81C932A9D0074F29C /* Photo.swift */ = {isa = PBXFileReference; fileEncoding = 4; lastKnownFileType = sourcecode.swift; path = Photo.swift; sourceTree = "<group>"; };
		01BB40EA1C9580510074F29C /* FlickrClient.swift */ = {isa = PBXFileReference; fileEncoding = 4; lastKnownFileType = sourcecode.swift; path = FlickrClient.swift; sourceTree = "<group>"; };
		01E212A01C96C8F30063AD95 /* icon.gif */ = {isa = PBXFileReference; lastKnownFileType = image.gif; name = icon.gif; path = ../icon.gif; sourceTree = "<group>"; };
		01E212A21C96CAF40063AD95 /* UICustomCollectionViewCell.swift */ = {isa = PBXFileReference; fileEncoding = 4; lastKnownFileType = sourcecode.swift; path = UICustomCollectionViewCell.swift; sourceTree = "<group>"; };
/* End PBXFileReference section */

/* Begin PBXFrameworksBuildPhase section */
		01BB40A31C92D2AF0074F29C /* Frameworks */ = {
			isa = PBXFrameworksBuildPhase;
			buildActionMask = 2147483647;
			files = (
				01BB40DE1C9301440074F29C /* MapKit.framework in Frameworks */,
			);
			runOnlyForDeploymentPostprocessing = 0;
		};
		01BB40B71C92D2AF0074F29C /* Frameworks */ = {
			isa = PBXFrameworksBuildPhase;
			buildActionMask = 2147483647;
			files = (
			);
			runOnlyForDeploymentPostprocessing = 0;
		};
		01BB40C21C92D2B00074F29C /* Frameworks */ = {
			isa = PBXFrameworksBuildPhase;
			buildActionMask = 2147483647;
			files = (
			);
			runOnlyForDeploymentPostprocessing = 0;
		};
/* End PBXFrameworksBuildPhase section */

/* Begin PBXGroup section */
		01BB409D1C92D2AF0074F29C = {
			isa = PBXGroup;
			children = (
				01BB40DD1C9301440074F29C /* MapKit.framework */,
				01BB40A81C92D2AF0074F29C /* VirtualTourist */,
				01BB40BD1C92D2AF0074F29C /* VirtualTouristTests */,
				01BB40C81C92D2B00074F29C /* VirtualTouristUITests */,
				01BB40A71C92D2AF0074F29C /* Products */,
			);
			sourceTree = "<group>";
		};
		01BB40A71C92D2AF0074F29C /* Products */ = {
			isa = PBXGroup;
			children = (
				01BB40A61C92D2AF0074F29C /* VirtualTourist.app */,
				01BB40BA1C92D2AF0074F29C /* VirtualTouristTests.xctest */,
				01BB40C51C92D2B00074F29C /* VirtualTouristUITests.xctest */,
			);
			name = Products;
			sourceTree = "<group>";
		};
		01BB40A81C92D2AF0074F29C /* VirtualTourist */ = {
			isa = PBXGroup;
			children = (
				01BB40D81C92D72A0074F29C /* Model */,
				01BB40D91C92D7360074F29C /* View */,
				01BB40D71C92D7210074F29C /* Controller */,
				01BB40A91C92D2AF0074F29C /* AppDelegate.swift */,
				01BB40DA1C92D7750074F29C /* Resources */,
			);
			path = VirtualTourist;
			sourceTree = "<group>";
		};
		01BB40BD1C92D2AF0074F29C /* VirtualTouristTests */ = {
			isa = PBXGroup;
			children = (
				01BB40BE1C92D2B00074F29C /* VirtualTouristTests.swift */,
				01BB40C01C92D2B00074F29C /* Info.plist */,
			);
			path = VirtualTouristTests;
			sourceTree = "<group>";
		};
		01BB40C81C92D2B00074F29C /* VirtualTouristUITests */ = {
			isa = PBXGroup;
			children = (
				01BB40C91C92D2B00074F29C /* VirtualTouristUITests.swift */,
				01BB40CB1C92D2B00074F29C /* Info.plist */,
			);
			path = VirtualTouristUITests;
			sourceTree = "<group>";
		};
		01BB40D71C92D7210074F29C /* Controller */ = {
			isa = PBXGroup;
			children = (
				01BB40AB1C92D2AF0074F29C /* TravelLocationsViewController.swift */,
				01BB40DF1C9310580074F29C /* PhotoAlbumViewController.swift */,
			);
			name = Controller;
			sourceTree = "<group>";
		};
		01BB40D81C92D72A0074F29C /* Model */ = {
			isa = PBXGroup;
			children = (
				01BB40DB1C92FD910074F29C /* Pin.swift */,
				01BB40E81C932A9D0074F29C /* Photo.swift */,
				01BB40E31C9322E60074F29C /* API */,
			);
			name = Model;
			sourceTree = "<group>";
		};
		01BB40D91C92D7360074F29C /* View */ = {
			isa = PBXGroup;
			children = (
				01E212A21C96CAF40063AD95 /* UICustomCollectionViewCell.swift */,
			);
			name = View;
			sourceTree = "<group>";
		};
		01BB40DA1C92D7750074F29C /* Resources */ = {
			isa = PBXGroup;
			children = (
				01E212A01C96C8F30063AD95 /* icon.gif */,
				01BB40AD1C92D2AF0074F29C /* Main.storyboard */,
				01BB40B01C92D2AF0074F29C /* Assets.xcassets */,
				01BB40B21C92D2AF0074F29C /* LaunchScreen.storyboard */,
				01BB40B51C92D2AF0074F29C /* Info.plist */,
			);
			name = Resources;
			sourceTree = "<group>";
		};
		01BB40E31C9322E60074F29C /* API */ = {
			isa = PBXGroup;
			children = (
				01BB40EA1C9580510074F29C /* FlickrClient.swift */,
			);
			name = API;
			sourceTree = "<group>";
		};
/* End PBXGroup section */

/* Begin PBXNativeTarget section */
		01BB40A51C92D2AF0074F29C /* VirtualTourist */ = {
			isa = PBXNativeTarget;
			buildConfigurationList = 01BB40CE1C92D2B00074F29C /* Build configuration list for PBXNativeTarget "VirtualTourist" */;
			buildPhases = (
				01BB40A21C92D2AF0074F29C /* Sources */,
				01BB40A31C92D2AF0074F29C /* Frameworks */,
				01BB40A41C92D2AF0074F29C /* Resources */,
			);
			buildRules = (
			);
			dependencies = (
			);
			name = VirtualTourist;
			productName = VirtualTourist;
			productReference = 01BB40A61C92D2AF0074F29C /* VirtualTourist.app */;
			productType = "com.apple.product-type.application";
		};
		01BB40B91C92D2AF0074F29C /* VirtualTouristTests */ = {
			isa = PBXNativeTarget;
			buildConfigurationList = 01BB40D11C92D2B00074F29C /* Build configuration list for PBXNativeTarget "VirtualTouristTests" */;
			buildPhases = (
				01BB40B61C92D2AF0074F29C /* Sources */,
				01BB40B71C92D2AF0074F29C /* Frameworks */,
				01BB40B81C92D2AF0074F29C /* Resources */,
			);
			buildRules = (
			);
			dependencies = (
				01BB40BC1C92D2AF0074F29C /* PBXTargetDependency */,
			);
			name = VirtualTouristTests;
			productName = VirtualTouristTests;
			productReference = 01BB40BA1C92D2AF0074F29C /* VirtualTouristTests.xctest */;
			productType = "com.apple.product-type.bundle.unit-test";
		};
		01BB40C41C92D2B00074F29C /* VirtualTouristUITests */ = {
			isa = PBXNativeTarget;
			buildConfigurationList = 01BB40D41C92D2B00074F29C /* Build configuration list for PBXNativeTarget "VirtualTouristUITests" */;
			buildPhases = (
				01BB40C11C92D2B00074F29C /* Sources */,
				01BB40C21C92D2B00074F29C /* Frameworks */,
				01BB40C31C92D2B00074F29C /* Resources */,
			);
			buildRules = (
			);
			dependencies = (
				01BB40C71C92D2B00074F29C /* PBXTargetDependency */,
			);
			name = VirtualTouristUITests;
			productName = VirtualTouristUITests;
			productReference = 01BB40C51C92D2B00074F29C /* VirtualTouristUITests.xctest */;
			productType = "com.apple.product-type.bundle.ui-testing";
		};
/* End PBXNativeTarget section */

/* Begin PBXProject section */
		01BB409E1C92D2AF0074F29C /* Project object */ = {
			isa = PBXProject;
			attributes = {
				LastSwiftUpdateCheck = 0720;
				LastUpgradeCheck = 0720;
				ORGANIZATIONNAME = "Darren Leith";
				TargetAttributes = {
					01BB40A51C92D2AF0074F29C = {
						CreatedOnToolsVersion = 7.2.1;
						SystemCapabilities = {
							com.apple.Maps.iOS = {
								enabled = 1;
							};
						};
					};
					01BB40B91C92D2AF0074F29C = {
						CreatedOnToolsVersion = 7.2.1;
						TestTargetID = 01BB40A51C92D2AF0074F29C;
					};
					01BB40C41C92D2B00074F29C = {
						CreatedOnToolsVersion = 7.2.1;
						TestTargetID = 01BB40A51C92D2AF0074F29C;
					};
				};
			};
			buildConfigurationList = 01BB40A11C92D2AF0074F29C /* Build configuration list for PBXProject "VirtualTourist" */;
			compatibilityVersion = "Xcode 3.2";
			developmentRegion = English;
			hasScannedForEncodings = 0;
			knownRegions = (
				en,
				Base,
			);
			mainGroup = 01BB409D1C92D2AF0074F29C;
			productRefGroup = 01BB40A71C92D2AF0074F29C /* Products */;
			projectDirPath = "";
			projectRoot = "";
			targets = (
				01BB40A51C92D2AF0074F29C /* VirtualTourist */,
				01BB40B91C92D2AF0074F29C /* VirtualTouristTests */,
				01BB40C41C92D2B00074F29C /* VirtualTouristUITests */,
			);
		};
/* End PBXProject section */

/* Begin PBXResourcesBuildPhase section */
		01BB40A41C92D2AF0074F29C /* Resources */ = {
			isa = PBXResourcesBuildPhase;
			buildActionMask = 2147483647;
			files = (
				01BB40B41C92D2AF0074F29C /* LaunchScreen.storyboard in Resources */,
				01BB40B11C92D2AF0074F29C /* Assets.xcassets in Resources */,
				01BB40AF1C92D2AF0074F29C /* Main.storyboard in Resources */,
				01E212A11C96C8F30063AD95 /* icon.gif in Resources */,
			);
			runOnlyForDeploymentPostprocessing = 0;
		};
		01BB40B81C92D2AF0074F29C /* Resources */ = {
			isa = PBXResourcesBuildPhase;
			buildActionMask = 2147483647;
			files = (
			);
			runOnlyForDeploymentPostprocessing = 0;
		};
		01BB40C31C92D2B00074F29C /* Resources */ = {
			isa = PBXResourcesBuildPhase;
			buildActionMask = 2147483647;
			files = (
			);
			runOnlyForDeploymentPostprocessing = 0;
		};
/* End PBXResourcesBuildPhase section */

/* Begin PBXSourcesBuildPhase section */
		01BB40A21C92D2AF0074F29C /* Sources */ = {
			isa = PBXSourcesBuildPhase;
			buildActionMask = 2147483647;
			files = (
				01BB40E91C932A9D0074F29C /* Photo.swift in Sources */,
				01E212A31C96CAF40063AD95 /* UICustomCollectionViewCell.swift in Sources */,
				01BB40DC1C92FD910074F29C /* Pin.swift in Sources */,
				01BB40AC1C92D2AF0074F29C /* TravelLocationsViewController.swift in Sources */,
				01BB40AA1C92D2AF0074F29C /* AppDelegate.swift in Sources */,
				01BB40E01C9310580074F29C /* PhotoAlbumViewController.swift in Sources */,
				01BB40EB1C9580510074F29C /* FlickrClient.swift in Sources */,
			);
			runOnlyForDeploymentPostprocessing = 0;
		};
		01BB40B61C92D2AF0074F29C /* Sources */ = {
			isa = PBXSourcesBuildPhase;
			buildActionMask = 2147483647;
			files = (
				01BB40BF1C92D2B00074F29C /* VirtualTouristTests.swift in Sources */,
			);
			runOnlyForDeploymentPostprocessing = 0;
		};
		01BB40C11C92D2B00074F29C /* Sources */ = {
			isa = PBXSourcesBuildPhase;
			buildActionMask = 2147483647;
			files = (
				01BB40CA1C92D2B00074F29C /* VirtualTouristUITests.swift in Sources */,
			);
			runOnlyForDeploymentPostprocessing = 0;
		};
/* End PBXSourcesBuildPhase section */

/* Begin PBXTargetDependency section */
		01BB40BC1C92D2AF0074F29C /* PBXTargetDependency */ = {
			isa = PBXTargetDependency;
			target = 01BB40A51C92D2AF0074F29C /* VirtualTourist */;
			targetProxy = 01BB40BB1C92D2AF0074F29C /* PBXContainerItemProxy */;
		};
		01BB40C71C92D2B00074F29C /* PBXTargetDependency */ = {
			isa = PBXTargetDependency;
			target = 01BB40A51C92D2AF0074F29C /* VirtualTourist */;
			targetProxy = 01BB40C61C92D2B00074F29C /* PBXContainerItemProxy */;
		};
/* End PBXTargetDependency section */

/* Begin PBXVariantGroup section */
		01BB40AD1C92D2AF0074F29C /* Main.storyboard */ = {
			isa = PBXVariantGroup;
			children = (
				01BB40AE1C92D2AF0074F29C /* Base */,
			);
			name = Main.storyboard;
			sourceTree = "<group>";
		};
		01BB40B21C92D2AF0074F29C /* LaunchScreen.storyboard */ = {
			isa = PBXVariantGroup;
			children = (
				01BB40B31C92D2AF0074F29C /* Base */,
			);
			name = LaunchScreen.storyboard;
			sourceTree = "<group>";
		};
/* End PBXVariantGroup section */

/* Begin XCBuildConfiguration section */
		01BB40CC1C92D2B00074F29C /* Debug */ = {
			isa = XCBuildConfiguration;
			buildSettings = {
				ALWAYS_SEARCH_USER_PATHS = NO;
				CLANG_CXX_LANGUAGE_STANDARD = "gnu++0x";
				CLANG_CXX_LIBRARY = "libc++";
				CLANG_ENABLE_MODULES = YES;
				CLANG_ENABLE_OBJC_ARC = YES;
				CLANG_WARN_BOOL_CONVERSION = YES;
				CLANG_WARN_CONSTANT_CONVERSION = YES;
				CLANG_WARN_DIRECT_OBJC_ISA_USAGE = YES_ERROR;
				CLANG_WARN_EMPTY_BODY = YES;
				CLANG_WARN_ENUM_CONVERSION = YES;
				CLANG_WARN_INT_CONVERSION = YES;
				CLANG_WARN_OBJC_ROOT_CLASS = YES_ERROR;
				CLANG_WARN_UNREACHABLE_CODE = YES;
				CLANG_WARN__DUPLICATE_METHOD_MATCH = YES;
				"CODE_SIGN_IDENTITY[sdk=iphoneos*]" = "iPhone Developer";
				COPY_PHASE_STRIP = NO;
				DEBUG_INFORMATION_FORMAT = dwarf;
				ENABLE_STRICT_OBJC_MSGSEND = YES;
				ENABLE_TESTABILITY = YES;
				GCC_C_LANGUAGE_STANDARD = gnu99;
				GCC_DYNAMIC_NO_PIC = NO;
				GCC_NO_COMMON_BLOCKS = YES;
				GCC_OPTIMIZATION_LEVEL = 0;
				GCC_PREPROCESSOR_DEFINITIONS = (
					"DEBUG=1",
					"$(inherited)",
				);
				GCC_WARN_64_TO_32_BIT_CONVERSION = YES;
				GCC_WARN_ABOUT_RETURN_TYPE = YES_ERROR;
				GCC_WARN_UNDECLARED_SELECTOR = YES;
				GCC_WARN_UNINITIALIZED_AUTOS = YES_AGGRESSIVE;
				GCC_WARN_UNUSED_FUNCTION = YES;
				GCC_WARN_UNUSED_VARIABLE = YES;
				IPHONEOS_DEPLOYMENT_TARGET = 9.2;
				MTL_ENABLE_DEBUG_INFO = YES;
				ONLY_ACTIVE_ARCH = YES;
				SDKROOT = iphoneos;
				SWIFT_OPTIMIZATION_LEVEL = "-Onone";
				TARGETED_DEVICE_FAMILY = "1,2";
			};
			name = Debug;
		};
		01BB40CD1C92D2B00074F29C /* Release */ = {
			isa = XCBuildConfiguration;
			buildSettings = {
				ALWAYS_SEARCH_USER_PATHS = NO;
				CLANG_CXX_LANGUAGE_STANDARD = "gnu++0x";
				CLANG_CXX_LIBRARY = "libc++";
				CLANG_ENABLE_MODULES = YES;
				CLANG_ENABLE_OBJC_ARC = YES;
				CLANG_WARN_BOOL_CONVERSION = YES;
				CLANG_WARN_CONSTANT_CONVERSION = YES;
				CLANG_WARN_DIRECT_OBJC_ISA_USAGE = YES_ERROR;
				CLANG_WARN_EMPTY_BODY = YES;
				CLANG_WARN_ENUM_CONVERSION = YES;
				CLANG_WARN_INT_CONVERSION = YES;
				CLANG_WARN_OBJC_ROOT_CLASS = YES_ERROR;
				CLANG_WARN_UNREACHABLE_CODE = YES;
				CLANG_WARN__DUPLICATE_METHOD_MATCH = YES;
				"CODE_SIGN_IDENTITY[sdk=iphoneos*]" = "iPhone Developer";
				COPY_PHASE_STRIP = NO;
				DEBUG_INFORMATION_FORMAT = "dwarf-with-dsym";
				ENABLE_NS_ASSERTIONS = NO;
				ENABLE_STRICT_OBJC_MSGSEND = YES;
				GCC_C_LANGUAGE_STANDARD = gnu99;
				GCC_NO_COMMON_BLOCKS = YES;
				GCC_WARN_64_TO_32_BIT_CONVERSION = YES;
				GCC_WARN_ABOUT_RETURN_TYPE = YES_ERROR;
				GCC_WARN_UNDECLARED_SELECTOR = YES;
				GCC_WARN_UNINITIALIZED_AUTOS = YES_AGGRESSIVE;
				GCC_WARN_UNUSED_FUNCTION = YES;
				GCC_WARN_UNUSED_VARIABLE = YES;
				IPHONEOS_DEPLOYMENT_TARGET = 9.2;
				MTL_ENABLE_DEBUG_INFO = NO;
				SDKROOT = iphoneos;
				TARGETED_DEVICE_FAMILY = "1,2";
				VALIDATE_PRODUCT = YES;
			};
			name = Release;
		};
		01BB40CF1C92D2B00074F29C /* Debug */ = {
			isa = XCBuildConfiguration;
			buildSettings = {
				ASSETCATALOG_COMPILER_APPICON_NAME = AppIcon;
				INFOPLIST_FILE = VirtualTourist/Info.plist;
				LD_RUNPATH_SEARCH_PATHS = "$(inherited) @executable_path/Frameworks";
				PRODUCT_BUNDLE_IDENTIFIER = com.darrenmartinleith.VirtualTourist;
				PRODUCT_NAME = "$(TARGET_NAME)";
			};
			name = Debug;
		};
		01BB40D01C92D2B00074F29C /* Release */ = {
			isa = XCBuildConfiguration;
			buildSettings = {
				ASSETCATALOG_COMPILER_APPICON_NAME = AppIcon;
				INFOPLIST_FILE = VirtualTourist/Info.plist;
				LD_RUNPATH_SEARCH_PATHS = "$(inherited) @executable_path/Frameworks";
				PRODUCT_BUNDLE_IDENTIFIER = com.darrenmartinleith.VirtualTourist;
				PRODUCT_NAME = "$(TARGET_NAME)";
			};
			name = Release;
		};
		01BB40D21C92D2B00074F29C /* Debug */ = {
			isa = XCBuildConfiguration;
			buildSettings = {
				BUNDLE_LOADER = "$(TEST_HOST)";
				INFOPLIST_FILE = VirtualTouristTests/Info.plist;
				LD_RUNPATH_SEARCH_PATHS = "$(inherited) @executable_path/Frameworks @loader_path/Frameworks";
				PRODUCT_BUNDLE_IDENTIFIER = com.darrenmartinleith.VirtualTouristTests;
				PRODUCT_NAME = "$(TARGET_NAME)";
				TEST_HOST = "$(BUILT_PRODUCTS_DIR)/VirtualTourist.app/VirtualTourist";
			};
			name = Debug;
		};
		01BB40D31C92D2B00074F29C /* Release */ = {
			isa = XCBuildConfiguration;
			buildSettings = {
				BUNDLE_LOADER = "$(TEST_HOST)";
				INFOPLIST_FILE = VirtualTouristTests/Info.plist;
				LD_RUNPATH_SEARCH_PATHS = "$(inherited) @executable_path/Frameworks @loader_path/Frameworks";
				PRODUCT_BUNDLE_IDENTIFIER = com.darrenmartinleith.VirtualTouristTests;
				PRODUCT_NAME = "$(TARGET_NAME)";
				TEST_HOST = "$(BUILT_PRODUCTS_DIR)/VirtualTourist.app/VirtualTourist";
			};
			name = Release;
		};
		01BB40D51C92D2B00074F29C /* Debug */ = {
			isa = XCBuildConfiguration;
			buildSettings = {
				INFOPLIST_FILE = VirtualTouristUITests/Info.plist;
				LD_RUNPATH_SEARCH_PATHS = "$(inherited) @executable_path/Frameworks @loader_path/Frameworks";
				PRODUCT_BUNDLE_IDENTIFIER = com.darrenmartinleith.VirtualTouristUITests;
				PRODUCT_NAME = "$(TARGET_NAME)";
				TEST_TARGET_NAME = VirtualTourist;
				USES_XCTRUNNER = YES;
			};
			name = Debug;
		};
		01BB40D61C92D2B00074F29C /* Release */ = {
			isa = XCBuildConfiguration;
			buildSettings = {
				INFOPLIST_FILE = VirtualTouristUITests/Info.plist;
				LD_RUNPATH_SEARCH_PATHS = "$(inherited) @executable_path/Frameworks @loader_path/Frameworks";
				PRODUCT_BUNDLE_IDENTIFIER = com.darrenmartinleith.VirtualTouristUITests;
				PRODUCT_NAME = "$(TARGET_NAME)";
				TEST_TARGET_NAME = VirtualTourist;
				USES_XCTRUNNER = YES;
			};
			name = Release;
		};
/* End XCBuildConfiguration section */

/* Begin XCConfigurationList section */
		01BB40A11C92D2AF0074F29C /* Build configuration list for PBXProject "VirtualTourist" */ = {
			isa = XCConfigurationList;
			buildConfigurations = (
				01BB40CC1C92D2B00074F29C /* Debug */,
				01BB40CD1C92D2B00074F29C /* Release */,
			);
			defaultConfigurationIsVisible = 0;
			defaultConfigurationName = Release;
		};
		01BB40CE1C92D2B00074F29C /* Build configuration list for PBXNativeTarget "VirtualTourist" */ = {
			isa = XCConfigurationList;
			buildConfigurations = (
				01BB40CF1C92D2B00074F29C /* Debug */,
				01BB40D01C92D2B00074F29C /* Release */,
			);
			defaultConfigurationIsVisible = 0;
			defaultConfigurationName = Release;
		};
		01BB40D11C92D2B00074F29C /* Build configuration list for PBXNativeTarget "VirtualTouristTests" */ = {
			isa = XCConfigurationList;
			buildConfigurations = (
				01BB40D21C92D2B00074F29C /* Debug */,
				01BB40D31C92D2B00074F29C /* Release */,
			);
			defaultConfigurationIsVisible = 0;
			defaultConfigurationName = Release;
		};
		01BB40D41C92D2B00074F29C /* Build configuration list for PBXNativeTarget "VirtualTouristUITests" */ = {
			isa = XCConfigurationList;
			buildConfigurations = (
				01BB40D51C92D2B00074F29C /* Debug */,
				01BB40D61C92D2B00074F29C /* Release */,
			);
			defaultConfigurationIsVisible = 0;
			defaultConfigurationName = Release;
		};
/* End XCConfigurationList section */
	};
	rootObject = 01BB409E1C92D2AF0074F29C /* Project object */;
}
